
Microsoft Visual Studio Solution File, Format Version 12.00
# Visual Studio Version 16
VisualStudioVersion = 16.0.31624.102
MinimumVisualStudioVersion = 10.0.40219.1
Project("{FAE04EC0-301F-11D3-BF4B-00C04F79EFBC}") = "HomeWorkOfLesson17_v1", "HomeWorkOfLesson17_v1.csproj", "{C9B1EA18-501F-486D-921B-8633A18533A1}"
EndProject
Global
	GlobalSection(SolutionConfigurationPlatforms) = preSolution
		Debug|Any CPU = Debug|Any CPU
		Release|Any CPU = Release|Any CPU
	EndGlobalSection
	GlobalSection(ProjectConfigurationPlatforms) = postSolution
		{C9B1EA18-501F-486D-921B-8633A18533A1}.Debug|Any CPU.ActiveCfg = Debug|Any CPU
		{C9B1EA18-501F-486D-921B-8633A18533A1}.Debug|Any CPU.Build.0 = Debug|Any CPU
		{C9B1EA18-501F-486D-921B-8633A18533A1}.Release|Any CPU.ActiveCfg = Release|Any CPU
		{C9B1EA18-501F-486D-921B-8633A18533A1}.Release|Any CPU.Build.0 = Release|Any CPU
	EndGlobalSection
	GlobalSection(SolutionProperties) = preSolution
		HideSolutionNode = FALSE
	EndGlobalSection
	GlobalSection(ExtensibilityGlobals) = postSolution
		SolutionGuid = {A50E9DCB-9696-4C5C-8871-99EECB3868A1}
	EndGlobalSection
EndGlobal
